
Microsoft Visual Studio Solution File, Format Version 12.00
# Visual Studio 15
VisualStudioVersion = 15.0.27703.2042
MinimumVisualStudioVersion = 10.0.40219.1
Project("{FAE04EC0-301F-11D3-BF4B-00C04F79EFBC}") = "AirportUWP", "AirportUWP\AirportUWP.csproj", "{FC38A8EA-5189-40DD-AC93-B8BE6F486CA0}"
EndProject
Global
	GlobalSection(SolutionConfigurationPlatforms) = preSolution
		Debug|ARM = Debug|ARM
		Debug|x64 = Debug|x64
		Debug|x86 = Debug|x86
		Release|ARM = Release|ARM
		Release|x64 = Release|x64
		Release|x86 = Release|x86
	EndGlobalSection
	GlobalSection(ProjectConfigurationPlatforms) = postSolution
		{FC38A8EA-5189-40DD-AC93-B8BE6F486CA0}.Debug|ARM.ActiveCfg = Debug|ARM
		{FC38A8EA-5189-40DD-AC93-B8BE6F486CA0}.Debug|ARM.Build.0 = Debug|ARM
		{FC38A8EA-5189-40DD-AC93-B8BE6F486CA0}.Debug|ARM.Deploy.0 = Debug|ARM
		{FC38A8EA-5189-40DD-AC93-B8BE6F486CA0}.Debug|x64.ActiveCfg = Debug|x64
		{FC38A8EA-5189-40DD-AC93-B8BE6F486CA0}.Debug|x64.Build.0 = Debug|x64
		{FC38A8EA-5189-40DD-AC93-B8BE6F486CA0}.Debug|x64.Deploy.0 = Debug|x64
		{FC38A8EA-5189-40DD-AC93-B8BE6F486CA0}.Debug|x86.ActiveCfg = Debug|x86
		{FC38A8EA-5189-40DD-AC93-B8BE6F486CA0}.Debug|x86.Build.0 = Debug|x86
		{FC38A8EA-5189-40DD-AC93-B8BE6F486CA0}.Debug|x86.Deploy.0 = Debug|x86
		{FC38A8EA-5189-40DD-AC93-B8BE6F486CA0}.Release|ARM.ActiveCfg = Release|ARM
		{FC38A8EA-5189-40DD-AC93-B8BE6F486CA0}.Release|ARM.Build.0 = Release|ARM
		{FC38A8EA-5189-40DD-AC93-B8BE6F486CA0}.Release|ARM.Deploy.0 = Release|ARM
		{FC38A8EA-5189-40DD-AC93-B8BE6F486CA0}.Release|x64.ActiveCfg = Release|x64
		{FC38A8EA-5189-40DD-AC93-B8BE6F486CA0}.Release|x64.Build.0 = Release|x64
		{FC38A8EA-5189-40DD-AC93-B8BE6F486CA0}.Release|x64.Deploy.0 = Release|x64
		{FC38A8EA-5189-40DD-AC93-B8BE6F486CA0}.Release|x86.ActiveCfg = Release|x86
		{FC38A8EA-5189-40DD-AC93-B8BE6F486CA0}.Release|x86.Build.0 = Release|x86
		{FC38A8EA-5189-40DD-AC93-B8BE6F486CA0}.Release|x86.Deploy.0 = Release|x86
	EndGlobalSection
	GlobalSection(SolutionProperties) = preSolution
		HideSolutionNode = FALSE
	EndGlobalSection
	GlobalSection(ExtensibilityGlobals) = postSolution
		SolutionGuid = {66CDF33B-196E-43CA-8167-6880EFB5ECC7}
	EndGlobalSection
EndGlobal
